
Microsoft Visual Studio Solution File, Format Version 12.00
# Visual Studio Version 16
VisualStudioVersion = 16.0.31613.86
MinimumVisualStudioVersion = 10.0.40219.1
Project("{FAE04EC0-301F-11D3-BF4B-00C04F79EFBC}") = "Sistemaborrador", "Sistemaborrador\Sistemaborrador.csproj", "{6947E00A-3F37-4F2C-9F50-1DEEFEEABF0C}"
EndProject
Global
	GlobalSection(SolutionConfigurationPlatforms) = preSolution
		Debug|Any CPU = Debug|Any CPU
		Release|Any CPU = Release|Any CPU
	EndGlobalSection
	GlobalSection(ProjectConfigurationPlatforms) = postSolution
		{6947E00A-3F37-4F2C-9F50-1DEEFEEABF0C}.Debug|Any CPU.ActiveCfg = Debug|Any CPU
		{6947E00A-3F37-4F2C-9F50-1DEEFEEABF0C}.Debug|Any CPU.Build.0 = Debug|Any CPU
		{6947E00A-3F37-4F2C-9F50-1DEEFEEABF0C}.Release|Any CPU.ActiveCfg = Release|Any CPU
		{6947E00A-3F37-4F2C-9F50-1DEEFEEABF0C}.Release|Any CPU.Build.0 = Release|Any CPU
	EndGlobalSection
	GlobalSection(SolutionProperties) = preSolution
		HideSolutionNode = FALSE
	EndGlobalSection
	GlobalSection(ExtensibilityGlobals) = postSolution
		SolutionGuid = {03ED77A9-6604-4B50-8FB1-ED06386F65D8}
	EndGlobalSection
EndGlobal
